
Microsoft Visual Studio Solution File, Format Version 12.00
# Visual Studio Version 16
VisualStudioVersion = 16.0.30804.86
MinimumVisualStudioVersion = 10.0.40219.1
Project("{FAE04EC0-301F-11D3-BF4B-00C04F79EFBC}") = "EarthLink_Test", "EarthLink_Test\EarthLink_Test.csproj", "{AF14FB2E-3E8E-4613-934A-6BD7A27A892B}"
EndProject
Global
	GlobalSection(SolutionConfigurationPlatforms) = preSolution
		Debug|Any CPU = Debug|Any CPU
		Release|Any CPU = Release|Any CPU
	EndGlobalSection
	GlobalSection(ProjectConfigurationPlatforms) = postSolution
		{AF14FB2E-3E8E-4613-934A-6BD7A27A892B}.Debug|Any CPU.ActiveCfg = Debug|Any CPU
		{AF14FB2E-3E8E-4613-934A-6BD7A27A892B}.Debug|Any CPU.Build.0 = Debug|Any CPU
		{AF14FB2E-3E8E-4613-934A-6BD7A27A892B}.Release|Any CPU.ActiveCfg = Release|Any CPU
		{AF14FB2E-3E8E-4613-934A-6BD7A27A892B}.Release|Any CPU.Build.0 = Release|Any CPU
	EndGlobalSection
	GlobalSection(SolutionProperties) = preSolution
		HideSolutionNode = FALSE
	EndGlobalSection
	GlobalSection(ExtensibilityGlobals) = postSolution
		SolutionGuid = {1B1119C2-771C-4A84-B38F-FF7049068F93}
	EndGlobalSection
EndGlobal
